
Microsoft Visual Studio Solution File, Format Version 12.00
# Visual Studio Version 17
VisualStudioVersion = 17.8.34330.188
MinimumVisualStudioVersion = 10.0.40219.1
Project("{FAE04EC0-301F-11D3-BF4B-00C04F79EFBC}") = "WebApplication28", "WebApplication28\WebApplication28.csproj", "{FB15C7FF-2DBF-4F03-80A1-B834FE56B2F0}"
EndProject
Global
	GlobalSection(SolutionConfigurationPlatforms) = preSolution
		Debug|Any CPU = Debug|Any CPU
		Release|Any CPU = Release|Any CPU
	EndGlobalSection
	GlobalSection(ProjectConfigurationPlatforms) = postSolution
		{FB15C7FF-2DBF-4F03-80A1-B834FE56B2F0}.Debug|Any CPU.ActiveCfg = Debug|Any CPU
		{FB15C7FF-2DBF-4F03-80A1-B834FE56B2F0}.Debug|Any CPU.Build.0 = Debug|Any CPU
		{FB15C7FF-2DBF-4F03-80A1-B834FE56B2F0}.Release|Any CPU.ActiveCfg = Release|Any CPU
		{FB15C7FF-2DBF-4F03-80A1-B834FE56B2F0}.Release|Any CPU.Build.0 = Release|Any CPU
	EndGlobalSection
	GlobalSection(SolutionProperties) = preSolution
		HideSolutionNode = FALSE
	EndGlobalSection
	GlobalSection(ExtensibilityGlobals) = postSolution
		SolutionGuid = {1DD6A165-F009-4621-8DC0-AD2610FBB117}
	EndGlobalSection
EndGlobal
